
Microsoft Visual Studio Solution File, Format Version 12.00
# Visual Studio Version 17
VisualStudioVersion = 17.3.32929.385
MinimumVisualStudioVersion = 10.0.40219.1
Project("{9A19103F-16F7-4668-BE54-9A1E7A4F7556}") = "Books.Api", "Books.Api\Books.Api.csproj", "{A8E2DA37-FADA-4744-A49E-E7B3F90D3DC9}"
EndProject
Project("{9A19103F-16F7-4668-BE54-9A1E7A4F7556}") = "Books.DataBase.SqlServer", "Books.DataBase.SqlServer\Books.DataBase.SqlServer.csproj", "{4479FC02-8FEF-4303-B049-06F0EE0AB988}"
EndProject
Project("{9A19103F-16F7-4668-BE54-9A1E7A4F7556}") = "Books.Models", "Books.Models\Books.Models.csproj", "{97A43962-346A-42AD-9CDB-D330E39316B6}"
EndProject
Project("{FAE04EC0-301F-11D3-BF4B-00C04F79EFBC}") = "BooksService", "BooksService\BooksService.csproj", "{04116E4B-9B5F-4A23-81FA-F308460C97FE}"
EndProject
Global
	GlobalSection(SolutionConfigurationPlatforms) = preSolution
		Debug|Any CPU = Debug|Any CPU
		Release|Any CPU = Release|Any CPU
	EndGlobalSection
	GlobalSection(ProjectConfigurationPlatforms) = postSolution
		{A8E2DA37-FADA-4744-A49E-E7B3F90D3DC9}.Debug|Any CPU.ActiveCfg = Debug|Any CPU
		{A8E2DA37-FADA-4744-A49E-E7B3F90D3DC9}.Debug|Any CPU.Build.0 = Debug|Any CPU
		{A8E2DA37-FADA-4744-A49E-E7B3F90D3DC9}.Release|Any CPU.ActiveCfg = Release|Any CPU
		{A8E2DA37-FADA-4744-A49E-E7B3F90D3DC9}.Release|Any CPU.Build.0 = Release|Any CPU
		{4479FC02-8FEF-4303-B049-06F0EE0AB988}.Debug|Any CPU.ActiveCfg = Debug|Any CPU
		{4479FC02-8FEF-4303-B049-06F0EE0AB988}.Debug|Any CPU.Build.0 = Debug|Any CPU
		{4479FC02-8FEF-4303-B049-06F0EE0AB988}.Release|Any CPU.ActiveCfg = Release|Any CPU
		{4479FC02-8FEF-4303-B049-06F0EE0AB988}.Release|Any CPU.Build.0 = Release|Any CPU
		{97A43962-346A-42AD-9CDB-D330E39316B6}.Debug|Any CPU.ActiveCfg = Debug|Any CPU
		{97A43962-346A-42AD-9CDB-D330E39316B6}.Debug|Any CPU.Build.0 = Debug|Any CPU
		{97A43962-346A-42AD-9CDB-D330E39316B6}.Release|Any CPU.ActiveCfg = Release|Any CPU
		{97A43962-346A-42AD-9CDB-D330E39316B6}.Release|Any CPU.Build.0 = Release|Any CPU
		{04116E4B-9B5F-4A23-81FA-F308460C97FE}.Debug|Any CPU.ActiveCfg = Debug|Any CPU
		{04116E4B-9B5F-4A23-81FA-F308460C97FE}.Debug|Any CPU.Build.0 = Debug|Any CPU
		{04116E4B-9B5F-4A23-81FA-F308460C97FE}.Release|Any CPU.ActiveCfg = Release|Any CPU
		{04116E4B-9B5F-4A23-81FA-F308460C97FE}.Release|Any CPU.Build.0 = Release|Any CPU
	EndGlobalSection
	GlobalSection(SolutionProperties) = preSolution
		HideSolutionNode = FALSE
	EndGlobalSection
	GlobalSection(ExtensibilityGlobals) = postSolution
		SolutionGuid = {7527B8F3-AE1B-4A69-A5FB-83C9C4547E38}
	EndGlobalSection
EndGlobal
